
Microsoft Visual Studio Solution File, Format Version 12.00
# Visual Studio Version 17
VisualStudioVersion = 17.5.33424.131
MinimumVisualStudioVersion = 10.0.40219.1
Project("{FAE04EC0-301F-11D3-BF4B-00C04F79EFBC}") = "YouTubeXLSParser", "YouTubeCSVParser\YouTubeXLSParser.csproj", "{43C3B23C-5F08-4EAA-AA01-6C7C0668EEF6}"
EndProject
Global
	GlobalSection(SolutionConfigurationPlatforms) = preSolution
		Debug|Any CPU = Debug|Any CPU
		Release|Any CPU = Release|Any CPU
	EndGlobalSection
	GlobalSection(ProjectConfigurationPlatforms) = postSolution
		{43C3B23C-5F08-4EAA-AA01-6C7C0668EEF6}.Debug|Any CPU.ActiveCfg = Debug|Any CPU
		{43C3B23C-5F08-4EAA-AA01-6C7C0668EEF6}.Debug|Any CPU.Build.0 = Debug|Any CPU
		{43C3B23C-5F08-4EAA-AA01-6C7C0668EEF6}.Release|Any CPU.ActiveCfg = Release|Any CPU
		{43C3B23C-5F08-4EAA-AA01-6C7C0668EEF6}.Release|Any CPU.Build.0 = Release|Any CPU
	EndGlobalSection
	GlobalSection(SolutionProperties) = preSolution
		HideSolutionNode = FALSE
	EndGlobalSection
	GlobalSection(ExtensibilityGlobals) = postSolution
		SolutionGuid = {9B2B4E9B-03E0-48F0-9FBE-79A003C9B5D0}
	EndGlobalSection
EndGlobal
